
Microsoft Visual Studio Solution File, Format Version 12.00
# Visual Studio Version 16
VisualStudioVersion = 16.0.30803.129
MinimumVisualStudioVersion = 10.0.40219.1
Project("{FAE04EC0-301F-11D3-BF4B-00C04F79EFBC}") = "BlazorDemo", "BlazorDemo\BlazorDemo.csproj", "{64465C92-566E-4FEA-B013-F671C2D083ED}"
EndProject
Project("{FAE04EC0-301F-11D3-BF4B-00C04F79EFBC}") = "Todo", "Todo\Todo.csproj", "{781E260A-D811-41FE-BBE2-ED5161146268}"
EndProject
Global
	GlobalSection(SolutionConfigurationPlatforms) = preSolution
		Debug|Any CPU = Debug|Any CPU
		Release|Any CPU = Release|Any CPU
	EndGlobalSection
	GlobalSection(ProjectConfigurationPlatforms) = postSolution
		{64465C92-566E-4FEA-B013-F671C2D083ED}.Debug|Any CPU.ActiveCfg = Debug|Any CPU
		{64465C92-566E-4FEA-B013-F671C2D083ED}.Debug|Any CPU.Build.0 = Debug|Any CPU
		{64465C92-566E-4FEA-B013-F671C2D083ED}.Release|Any CPU.ActiveCfg = Release|Any CPU
		{64465C92-566E-4FEA-B013-F671C2D083ED}.Release|Any CPU.Build.0 = Release|Any CPU
		{781E260A-D811-41FE-BBE2-ED5161146268}.Debug|Any CPU.ActiveCfg = Debug|Any CPU
		{781E260A-D811-41FE-BBE2-ED5161146268}.Debug|Any CPU.Build.0 = Debug|Any CPU
		{781E260A-D811-41FE-BBE2-ED5161146268}.Release|Any CPU.ActiveCfg = Release|Any CPU
		{781E260A-D811-41FE-BBE2-ED5161146268}.Release|Any CPU.Build.0 = Release|Any CPU
	EndGlobalSection
	GlobalSection(SolutionProperties) = preSolution
		HideSolutionNode = FALSE
	EndGlobalSection
	GlobalSection(ExtensibilityGlobals) = postSolution
		SolutionGuid = {E51F797A-DB7B-4DBB-B93C-CA7397B45C1A}
	EndGlobalSection
EndGlobal
